
Microsoft Visual Studio Solution File, Format Version 12.00
# Visual Studio Version 17
VisualStudioVersion = 17.0.31903.59
MinimumVisualStudioVersion = 10.0.40219.1
Project("{FAE04EC0-301F-11D3-BF4B-00C04F79EFBC}") = "Test", "Test\Test.csproj", "{ACD4C731-8D72-4A3A-A66A-2A82D254EA65}"
EndProject
Project("{FAE04EC0-301F-11D3-BF4B-00C04F79EFBC}") = "Cataog", "Cataog\Cataog.csproj", "{8DF936B0-62F0-47BA-B987-39F6FC87B62C}"
EndProject
Project("{FAE04EC0-301F-11D3-BF4B-00C04F79EFBC}") = "WebApp", "WebApp\WebApp.csproj", "{820E43ED-3E41-4275-9898-D724278ED54F}"
EndProject
Global
	GlobalSection(SolutionConfigurationPlatforms) = preSolution
		Debug|Any CPU = Debug|Any CPU
		Debug|x64 = Debug|x64
		Debug|x86 = Debug|x86
		Release|Any CPU = Release|Any CPU
		Release|x64 = Release|x64
		Release|x86 = Release|x86
	EndGlobalSection
	GlobalSection(ProjectConfigurationPlatforms) = postSolution
		{ACD4C731-8D72-4A3A-A66A-2A82D254EA65}.Debug|Any CPU.ActiveCfg = Debug|Any CPU
		{ACD4C731-8D72-4A3A-A66A-2A82D254EA65}.Debug|Any CPU.Build.0 = Debug|Any CPU
		{ACD4C731-8D72-4A3A-A66A-2A82D254EA65}.Debug|x64.ActiveCfg = Debug|Any CPU
		{ACD4C731-8D72-4A3A-A66A-2A82D254EA65}.Debug|x64.Build.0 = Debug|Any CPU
		{ACD4C731-8D72-4A3A-A66A-2A82D254EA65}.Debug|x86.ActiveCfg = Debug|Any CPU
		{ACD4C731-8D72-4A3A-A66A-2A82D254EA65}.Debug|x86.Build.0 = Debug|Any CPU
		{ACD4C731-8D72-4A3A-A66A-2A82D254EA65}.Release|Any CPU.ActiveCfg = Release|Any CPU
		{ACD4C731-8D72-4A3A-A66A-2A82D254EA65}.Release|Any CPU.Build.0 = Release|Any CPU
		{ACD4C731-8D72-4A3A-A66A-2A82D254EA65}.Release|x64.ActiveCfg = Release|Any CPU
		{ACD4C731-8D72-4A3A-A66A-2A82D254EA65}.Release|x64.Build.0 = Release|Any CPU
		{ACD4C731-8D72-4A3A-A66A-2A82D254EA65}.Release|x86.ActiveCfg = Release|Any CPU
		{ACD4C731-8D72-4A3A-A66A-2A82D254EA65}.Release|x86.Build.0 = Release|Any CPU
		{8DF936B0-62F0-47BA-B987-39F6FC87B62C}.Debug|Any CPU.ActiveCfg = Debug|Any CPU
		{8DF936B0-62F0-47BA-B987-39F6FC87B62C}.Debug|Any CPU.Build.0 = Debug|Any CPU
		{8DF936B0-62F0-47BA-B987-39F6FC87B62C}.Debug|x64.ActiveCfg = Debug|Any CPU
		{8DF936B0-62F0-47BA-B987-39F6FC87B62C}.Debug|x64.Build.0 = Debug|Any CPU
		{8DF936B0-62F0-47BA-B987-39F6FC87B62C}.Debug|x86.ActiveCfg = Debug|Any CPU
		{8DF936B0-62F0-47BA-B987-39F6FC87B62C}.Debug|x86.Build.0 = Debug|Any CPU
		{8DF936B0-62F0-47BA-B987-39F6FC87B62C}.Release|Any CPU.ActiveCfg = Release|Any CPU
		{8DF936B0-62F0-47BA-B987-39F6FC87B62C}.Release|Any CPU.Build.0 = Release|Any CPU
		{8DF936B0-62F0-47BA-B987-39F6FC87B62C}.Release|x64.ActiveCfg = Release|Any CPU
		{8DF936B0-62F0-47BA-B987-39F6FC87B62C}.Release|x64.Build.0 = Release|Any CPU
		{8DF936B0-62F0-47BA-B987-39F6FC87B62C}.Release|x86.ActiveCfg = Release|Any CPU
		{8DF936B0-62F0-47BA-B987-39F6FC87B62C}.Release|x86.Build.0 = Release|Any CPU
		{820E43ED-3E41-4275-9898-D724278ED54F}.Debug|Any CPU.ActiveCfg = Debug|Any CPU
		{820E43ED-3E41-4275-9898-D724278ED54F}.Debug|Any CPU.Build.0 = Debug|Any CPU
		{820E43ED-3E41-4275-9898-D724278ED54F}.Debug|x64.ActiveCfg = Debug|Any CPU
		{820E43ED-3E41-4275-9898-D724278ED54F}.Debug|x64.Build.0 = Debug|Any CPU
		{820E43ED-3E41-4275-9898-D724278ED54F}.Debug|x86.ActiveCfg = Debug|Any CPU
		{820E43ED-3E41-4275-9898-D724278ED54F}.Debug|x86.Build.0 = Debug|Any CPU
		{820E43ED-3E41-4275-9898-D724278ED54F}.Release|Any CPU.ActiveCfg = Release|Any CPU
		{820E43ED-3E41-4275-9898-D724278ED54F}.Release|Any CPU.Build.0 = Release|Any CPU
		{820E43ED-3E41-4275-9898-D724278ED54F}.Release|x64.ActiveCfg = Release|Any CPU
		{820E43ED-3E41-4275-9898-D724278ED54F}.Release|x64.Build.0 = Release|Any CPU
		{820E43ED-3E41-4275-9898-D724278ED54F}.Release|x86.ActiveCfg = Release|Any CPU
		{820E43ED-3E41-4275-9898-D724278ED54F}.Release|x86.Build.0 = Release|Any CPU
	EndGlobalSection
	GlobalSection(SolutionProperties) = preSolution
		HideSolutionNode = FALSE
	EndGlobalSection
EndGlobal
